
Microsoft Visual Studio Solution File, Format Version 12.00
# Visual Studio 15
VisualStudioVersion = 15.0.27130.2036
MinimumVisualStudioVersion = 10.0.40219.1
Project("{9A19103F-16F7-4668-BE54-9A1E7A4F7556}") = "Web.Common", "Web.Common\Web.Common.csproj", "{A432340D-9A59-48B5-A07C-29DC407C5AF8}"
EndProject
Project("{9A19103F-16F7-4668-BE54-9A1E7A4F7556}") = "Web.Model", "Web.Model\Web.Model.csproj", "{E274067D-2C9D-4032-8192-052059CF02EB}"
EndProject
Project("{9A19103F-16F7-4668-BE54-9A1E7A4F7556}") = "Web", "Web\Web.csproj", "{49429870-F5A0-4072-8DFB-EF42F1DD62FD}"
EndProject
Project("{9A19103F-16F7-4668-BE54-9A1E7A4F7556}") = "Web.Server", "Web.Server\Web.Server.csproj", "{670CE20B-B573-4E01-A178-1169D21FA700}"
EndProject
Project("{FAE04EC0-301F-11D3-BF4B-00C04F79EFBC}") = "Infrastructure", "..\Infrastructure\Infrastructure.csproj", "{DF5C3B29-781C-41DD-AF10-6EA47D157C5B}"
EndProject
Global
	GlobalSection(SolutionConfigurationPlatforms) = preSolution
		Debug|Any CPU = Debug|Any CPU
		Release|Any CPU = Release|Any CPU
	EndGlobalSection
	GlobalSection(ProjectConfigurationPlatforms) = postSolution
		{A432340D-9A59-48B5-A07C-29DC407C5AF8}.Debug|Any CPU.ActiveCfg = Debug|Any CPU
		{A432340D-9A59-48B5-A07C-29DC407C5AF8}.Debug|Any CPU.Build.0 = Debug|Any CPU
		{A432340D-9A59-48B5-A07C-29DC407C5AF8}.Release|Any CPU.ActiveCfg = Release|Any CPU
		{A432340D-9A59-48B5-A07C-29DC407C5AF8}.Release|Any CPU.Build.0 = Release|Any CPU
		{E274067D-2C9D-4032-8192-052059CF02EB}.Debug|Any CPU.ActiveCfg = Debug|Any CPU
		{E274067D-2C9D-4032-8192-052059CF02EB}.Debug|Any CPU.Build.0 = Debug|Any CPU
		{E274067D-2C9D-4032-8192-052059CF02EB}.Release|Any CPU.ActiveCfg = Release|Any CPU
		{E274067D-2C9D-4032-8192-052059CF02EB}.Release|Any CPU.Build.0 = Release|Any CPU
		{49429870-F5A0-4072-8DFB-EF42F1DD62FD}.Debug|Any CPU.ActiveCfg = Debug|Any CPU
		{49429870-F5A0-4072-8DFB-EF42F1DD62FD}.Debug|Any CPU.Build.0 = Debug|Any CPU
		{49429870-F5A0-4072-8DFB-EF42F1DD62FD}.Release|Any CPU.ActiveCfg = Release|Any CPU
		{49429870-F5A0-4072-8DFB-EF42F1DD62FD}.Release|Any CPU.Build.0 = Release|Any CPU
		{670CE20B-B573-4E01-A178-1169D21FA700}.Debug|Any CPU.ActiveCfg = Debug|Any CPU
		{670CE20B-B573-4E01-A178-1169D21FA700}.Debug|Any CPU.Build.0 = Debug|Any CPU
		{670CE20B-B573-4E01-A178-1169D21FA700}.Release|Any CPU.ActiveCfg = Release|Any CPU
		{670CE20B-B573-4E01-A178-1169D21FA700}.Release|Any CPU.Build.0 = Release|Any CPU
		{DF5C3B29-781C-41DD-AF10-6EA47D157C5B}.Debug|Any CPU.ActiveCfg = Debug|Any CPU
		{DF5C3B29-781C-41DD-AF10-6EA47D157C5B}.Debug|Any CPU.Build.0 = Debug|Any CPU
		{DF5C3B29-781C-41DD-AF10-6EA47D157C5B}.Release|Any CPU.ActiveCfg = Release|Any CPU
		{DF5C3B29-781C-41DD-AF10-6EA47D157C5B}.Release|Any CPU.Build.0 = Release|Any CPU
	EndGlobalSection
	GlobalSection(SolutionProperties) = preSolution
		HideSolutionNode = FALSE
	EndGlobalSection
	GlobalSection(ExtensibilityGlobals) = postSolution
		SolutionGuid = {AD7B3403-E71B-46A1-A339-EC08733992B2}
	EndGlobalSection
EndGlobal
